
Microsoft Visual Studio Solution File, Format Version 12.00
# Visual Studio Version 17
VisualStudioVersion = 17.4.33213.308
MinimumVisualStudioVersion = 10.0.40219.1
Project("{FAE04EC0-301F-11D3-BF4B-00C04F79EFBC}") = "PassGenXpress", "PassGenXpress\PassGenXpress.csproj", "{8F5BF363-94EC-4A8B-8F4C-6B4DEAAEA64E}"
EndProject
Global
	GlobalSection(SolutionConfigurationPlatforms) = preSolution
		Debug|Any CPU = Debug|Any CPU
		Release|Any CPU = Release|Any CPU
	EndGlobalSection
	GlobalSection(ProjectConfigurationPlatforms) = postSolution
		{8F5BF363-94EC-4A8B-8F4C-6B4DEAAEA64E}.Debug|Any CPU.ActiveCfg = Debug|Any CPU
		{8F5BF363-94EC-4A8B-8F4C-6B4DEAAEA64E}.Debug|Any CPU.Build.0 = Debug|Any CPU
		{8F5BF363-94EC-4A8B-8F4C-6B4DEAAEA64E}.Release|Any CPU.ActiveCfg = Release|Any CPU
		{8F5BF363-94EC-4A8B-8F4C-6B4DEAAEA64E}.Release|Any CPU.Build.0 = Release|Any CPU
	EndGlobalSection
	GlobalSection(SolutionProperties) = preSolution
		HideSolutionNode = FALSE
	EndGlobalSection
	GlobalSection(ExtensibilityGlobals) = postSolution
		SolutionGuid = {559B85BE-8B97-49E0-8D39-64D990A440BC}
	EndGlobalSection
EndGlobal
